
Microsoft Visual Studio Solution File, Format Version 11.00
# Visual Studio 2010
Project("{54435603-DBB4-11D2-8724-00A0C9A8B90C}") = "smsAuto", "smsAuto\smsAuto.vdproj", "{93E0A4A8-19B1-45A7-A9BE-52C098CA4D48}"
EndProject
Global
	GlobalSection(SolutionConfigurationPlatforms) = preSolution
		Debug|x86 = Debug|x86
		Release|x86 = Release|x86
	EndGlobalSection
	GlobalSection(ProjectConfigurationPlatforms) = postSolution
		{93E0A4A8-19B1-45A7-A9BE-52C098CA4D48}.Debug|x86.ActiveCfg = Debug
		{93E0A4A8-19B1-45A7-A9BE-52C098CA4D48}.Release|x86.ActiveCfg = Release
	EndGlobalSection
	GlobalSection(SolutionProperties) = preSolution
		HideSolutionNode = FALSE
	EndGlobalSection
EndGlobal
